{
  "version": 4,
  "terraform_version": "1.5.4",
  "serial": 3,
  "lineage": "30e81269-6b0d-0058-d4ed-aa5bff09ec10",
  "outputs": {},
  "resources": [
    {
      "mode": "managed",
      "type": "aws_vpc",
      "name": "vpc_ohio",
      "provider": "provider[\"registry.terraform.io/hashicorp/aws\"].ohio",
      "instances": [
        {
          "schema_version": 1,
          "attributes": {
            "arn": "arn:aws:ec2:us-east-2:432129430703:vpc/vpc-081bde9140ca4d66e",
            "assign_generated_ipv6_cidr_block": false,
            "cidr_block": "10.20.0.0/16",
            "default_network_acl_id": "acl-086398a23fdbeb278",
            "default_route_table_id": "rtb-051aada9854f63119",
            "default_security_group_id": "sg-0068282a4438582ee",
            "dhcp_options_id": "dopt-05b20e9462498dbb7",
            "enable_classiclink": false,
            "enable_classiclink_dns_support": false,
            "enable_dns_hostnames": false,
            "enable_dns_support": true,
            "enable_network_address_usage_metrics": false,
            "id": "vpc-081bde9140ca4d66e",
            "instance_tenancy": "default",
            "ipv4_ipam_pool_id": null,
            "ipv4_netmask_length": null,
            "ipv6_association_id": "",
            "ipv6_cidr_block": "",
            "ipv6_cidr_block_network_border_group": "",
            "ipv6_ipam_pool_id": "",
            "ipv6_netmask_length": 0,
            "main_route_table_id": "rtb-051aada9854f63119",
            "owner_id": "432129430703",
            "tags": {
              "Name": "VPC_Ohio",
              "env": "dev"
            },
            "tags_all": {
              "Name": "VPC_Ohio",
              "env": "dev"
            }
          },
          "sensitive_attributes": [],
          "private": "eyJzY2hlbWFfdmVyc2lvbiI6IjEifQ=="
        }
      ]
    },
    {
      "mode": "managed",
      "type": "aws_vpc",
      "name": "vpc_virginia",
      "provider": "provider[\"registry.terraform.io/hashicorp/aws\"]",
      "instances": [
        {
          "schema_version": 1,
          "attributes": {
            "arn": "arn:aws:ec2:us-east-1:432129430703:vpc/vpc-05d0d9132d0387878",
            "assign_generated_ipv6_cidr_block": false,
            "cidr_block": "10.10.0.0/16",
            "default_network_acl_id": "acl-02dda9a772c93c314",
            "default_route_table_id": "rtb-0fdc2ff5750ef6203",
            "default_security_group_id": "sg-03812e90631194e5b",
            "dhcp_options_id": "dopt-0e62bea4af9c0609c",
            "enable_classiclink": false,
            "enable_classiclink_dns_support": false,
            "enable_dns_hostnames": false,
            "enable_dns_support": true,
            "enable_network_address_usage_metrics": false,
            "id": "vpc-05d0d9132d0387878",
            "instance_tenancy": "default",
            "ipv4_ipam_pool_id": null,
            "ipv4_netmask_length": null,
            "ipv6_association_id": "",
            "ipv6_cidr_block": "",
            "ipv6_cidr_block_network_border_group": "",
            "ipv6_ipam_pool_id": "",
            "ipv6_netmask_length": 0,
            "main_route_table_id": "rtb-0fdc2ff5750ef6203",
            "owner_id": "432129430703",
            "tags": {
              "Name": "VPC_Virginia",
              "env": "dev"
            },
            "tags_all": {
              "Name": "VPC_Virginia",
              "env": "dev"
            }
          },
          "sensitive_attributes": [],
          "private": "eyJzY2hlbWFfdmVyc2lvbiI6IjEifQ=="
        }
      ]
    }
  ],
  "check_results": null
}
